
Microsoft Visual Studio Solution File, Format Version 12.00
# Visual Studio Version 17
VisualStudioVersion = 17.1.32210.238
MinimumVisualStudioVersion = 10.0.40219.1
Project("{FAE04EC0-301F-11D3-BF4B-00C04F79EFBC}") = "LeaveManagement.Web", "LeaveManagement.Web\LeaveManagement.Web.csproj", "{CC75CAF4-CFEA-44DF-875A-2EFD363E3764}"
EndProject
Global
	GlobalSection(SolutionConfigurationPlatforms) = preSolution
		Debug|Any CPU = Debug|Any CPU
		Release|Any CPU = Release|Any CPU
	EndGlobalSection
	GlobalSection(ProjectConfigurationPlatforms) = postSolution
		{CC75CAF4-CFEA-44DF-875A-2EFD363E3764}.Debug|Any CPU.ActiveCfg = Debug|Any CPU
		{CC75CAF4-CFEA-44DF-875A-2EFD363E3764}.Debug|Any CPU.Build.0 = Debug|Any CPU
		{CC75CAF4-CFEA-44DF-875A-2EFD363E3764}.Release|Any CPU.ActiveCfg = Release|Any CPU
		{CC75CAF4-CFEA-44DF-875A-2EFD363E3764}.Release|Any CPU.Build.0 = Release|Any CPU
	EndGlobalSection
	GlobalSection(SolutionProperties) = preSolution
		HideSolutionNode = FALSE
	EndGlobalSection
	GlobalSection(ExtensibilityGlobals) = postSolution
		SolutionGuid = {48131B38-F970-413F-8B4C-3E5E8527EA31}
	EndGlobalSection
EndGlobal
